
Microsoft Visual Studio Solution File, Format Version 12.00
# Visual Studio Version 17
VisualStudioVersion = 17.13.35829.42
MinimumVisualStudioVersion = 10.0.40219.1
Project("{2150E333-8FDC-42A3-9474-1A3956D46DE8}") = "src", "src", "{11111111-1111-1111-1111-111111111111}"
EndProject
Project("{2150E333-8FDC-42A3-9474-1A3956D46DE8}") = "BuildingBlocks", "BuildingBlocks", "{22222222-2222-2222-2222-222222222222}"
EndProject
Project("{2150E333-8FDC-42A3-9474-1A3956D46DE8}") = "Modules", "Modules", "{33333333-3333-3333-3333-333333333333}"
EndProject
Project("{2150E333-8FDC-42A3-9474-1A3956D46DE8}") = "Api", "Api", "{44444444-4444-4444-4444-444444444444}"
EndProject
Project("{2150E333-8FDC-42A3-9474-1A3956D46DE8}") = "Gateway", "Gateway", "{55555555-5555-5555-5555-555555555555}"
EndProject
Project("{2150E333-8FDC-42A3-9474-1A3956D46DE8}") = "tests", "tests", "{66666666-6666-6666-6666-666666666666}"
EndProject
Project("{FAE04EC0-301F-11D3-BF4B-00C04F79EFBC}") = "HrSaas.SharedKernel", "src\BuildingBlocks\SharedKernel\HrSaas.SharedKernel\HrSaas.SharedKernel.csproj", "{AA000001-0000-0000-0000-000000000001}"
EndProject
Project("{FAE04EC0-301F-11D3-BF4B-00C04F79EFBC}") = "HrSaas.TenantSdk", "src\BuildingBlocks\TenantSdk\HrSaas.TenantSdk\HrSaas.TenantSdk.csproj", "{AA000002-0000-0000-0000-000000000002}"
EndProject
Project("{FAE04EC0-301F-11D3-BF4B-00C04F79EFBC}") = "HrSaas.EventBus", "src\BuildingBlocks\EventBus\HrSaas.EventBus\HrSaas.EventBus.csproj", "{AA000003-0000-0000-0000-000000000003}"
EndProject
Project("{FAE04EC0-301F-11D3-BF4B-00C04F79EFBC}") = "HrSaas.Modules.Employee", "src\Modules\Employee\HrSaas.Modules.Employee\HrSaas.Modules.Employee.csproj", "{AA000004-0000-0000-0000-000000000004}"
EndProject
Project("{FAE04EC0-301F-11D3-BF4B-00C04F79EFBC}") = "HrSaas.Modules.Identity", "src\Modules\Identity\HrSaas.Modules.Identity\HrSaas.Modules.Identity.csproj", "{AA000005-0000-0000-0000-000000000005}"
EndProject
Project("{FAE04EC0-301F-11D3-BF4B-00C04F79EFBC}") = "HrSaas.Modules.Tenant", "src\Modules\Tenant\HrSaas.Modules.Tenant\HrSaas.Modules.Tenant.csproj", "{AA000006-0000-0000-0000-000000000006}"
EndProject
Project("{FAE04EC0-301F-11D3-BF4B-00C04F79EFBC}") = "HrSaas.Modules.Leave", "src\Modules\Leave\HrSaas.Modules.Leave\HrSaas.Modules.Leave.csproj", "{AA000007-0000-0000-0000-000000000007}"
EndProject
Project("{FAE04EC0-301F-11D3-BF4B-00C04F79EFBC}") = "HrSaas.Modules.Billing", "src\Modules\Billing\HrSaas.Modules.Billing\HrSaas.Modules.Billing.csproj", "{AA000008-0000-0000-0000-000000000008}"
EndProject
Project("{FAE04EC0-301F-11D3-BF4B-00C04F79EFBC}") = "HrSaas.Api", "src\Api\HrSaas.Api\HrSaas.Api.csproj", "{AA000009-0000-0000-0000-000000000009}"
EndProject
Project("{FAE04EC0-301F-11D3-BF4B-00C04F79EFBC}") = "HrSaas.Gateway", "src\Gateway\HrSaas.Gateway\HrSaas.Gateway.csproj", "{AA000010-0000-0000-0000-000000000010}"
EndProject
Project("{FAE04EC0-301F-11D3-BF4B-00C04F79EFBC}") = "HrSaas.Modules.Employee.UnitTests", "tests\HrSaas.Modules.Employee.UnitTests\HrSaas.Modules.Employee.UnitTests.csproj", "{AA000011-0000-0000-0000-000000000011}"
EndProject
Project("{FAE04EC0-301F-11D3-BF4B-00C04F79EFBC}") = "HrSaas.IntegrationTests", "tests\HrSaas.IntegrationTests\HrSaas.IntegrationTests.csproj", "{AA000012-0000-0000-0000-000000000012}"
EndProject
Global
  GlobalSection(SolutionConfigurationPlatforms) = preSolution
    Debug|Any CPU = Debug|Any CPU
    Release|Any CPU = Release|Any CPU
  EndGlobalSection
  GlobalSection(ProjectConfigurationPlatforms) = postSolution
    {AA000001-0000-0000-0000-000000000001}.Debug|Any CPU.ActiveCfg = Debug|Any CPU
    {AA000001-0000-0000-0000-000000000001}.Debug|Any CPU.Build.0 = Debug|Any CPU
    {AA000001-0000-0000-0000-000000000001}.Release|Any CPU.ActiveCfg = Release|Any CPU
    {AA000001-0000-0000-0000-000000000001}.Release|Any CPU.Build.0 = Release|Any CPU
    {AA000002-0000-0000-0000-000000000002}.Debug|Any CPU.ActiveCfg = Debug|Any CPU
    {AA000002-0000-0000-0000-000000000002}.Debug|Any CPU.Build.0 = Debug|Any CPU
    {AA000002-0000-0000-0000-000000000002}.Release|Any CPU.ActiveCfg = Release|Any CPU
    {AA000002-0000-0000-0000-000000000002}.Release|Any CPU.Build.0 = Release|Any CPU
    {AA000003-0000-0000-0000-000000000003}.Debug|Any CPU.ActiveCfg = Debug|Any CPU
    {AA000003-0000-0000-0000-000000000003}.Debug|Any CPU.Build.0 = Debug|Any CPU
    {AA000003-0000-0000-0000-000000000003}.Release|Any CPU.ActiveCfg = Release|Any CPU
    {AA000003-0000-0000-0000-000000000003}.Release|Any CPU.Build.0 = Release|Any CPU
    {AA000004-0000-0000-0000-000000000004}.Debug|Any CPU.ActiveCfg = Debug|Any CPU
    {AA000004-0000-0000-0000-000000000004}.Debug|Any CPU.Build.0 = Debug|Any CPU
    {AA000004-0000-0000-0000-000000000004}.Release|Any CPU.ActiveCfg = Release|Any CPU
    {AA000004-0000-0000-0000-000000000004}.Release|Any CPU.Build.0 = Release|Any CPU
    {AA000005-0000-0000-0000-000000000005}.Debug|Any CPU.ActiveCfg = Debug|Any CPU
    {AA000005-0000-0000-0000-000000000005}.Debug|Any CPU.Build.0 = Debug|Any CPU
    {AA000005-0000-0000-0000-000000000005}.Release|Any CPU.ActiveCfg = Release|Any CPU
    {AA000005-0000-0000-0000-000000000005}.Release|Any CPU.Build.0 = Release|Any CPU
    {AA000006-0000-0000-0000-000000000006}.Debug|Any CPU.ActiveCfg = Debug|Any CPU
    {AA000006-0000-0000-0000-000000000006}.Debug|Any CPU.Build.0 = Debug|Any CPU
    {AA000006-0000-0000-0000-000000000006}.Release|Any CPU.ActiveCfg = Release|Any CPU
    {AA000006-0000-0000-0000-000000000006}.Release|Any CPU.Build.0 = Release|Any CPU
    {AA000007-0000-0000-0000-000000000007}.Debug|Any CPU.ActiveCfg = Debug|Any CPU
    {AA000007-0000-0000-0000-000000000007}.Debug|Any CPU.Build.0 = Debug|Any CPU
    {AA000007-0000-0000-0000-000000000007}.Release|Any CPU.ActiveCfg = Release|Any CPU
    {AA000007-0000-0000-0000-000000000007}.Release|Any CPU.Build.0 = Release|Any CPU
    {AA000008-0000-0000-0000-000000000008}.Debug|Any CPU.ActiveCfg = Debug|Any CPU
    {AA000008-0000-0000-0000-000000000008}.Debug|Any CPU.Build.0 = Debug|Any CPU
    {AA000008-0000-0000-0000-000000000008}.Release|Any CPU.ActiveCfg = Release|Any CPU
    {AA000008-0000-0000-0000-000000000008}.Release|Any CPU.Build.0 = Release|Any CPU
    {AA000009-0000-0000-0000-000000000009}.Debug|Any CPU.ActiveCfg = Debug|Any CPU
    {AA000009-0000-0000-0000-000000000009}.Debug|Any CPU.Build.0 = Debug|Any CPU
    {AA000009-0000-0000-0000-000000000009}.Release|Any CPU.ActiveCfg = Release|Any CPU
    {AA000009-0000-0000-0000-000000000009}.Release|Any CPU.Build.0 = Release|Any CPU
    {AA000010-0000-0000-0000-000000000010}.Debug|Any CPU.ActiveCfg = Debug|Any CPU
    {AA000010-0000-0000-0000-000000000010}.Debug|Any CPU.Build.0 = Debug|Any CPU
    {AA000010-0000-0000-0000-000000000010}.Release|Any CPU.ActiveCfg = Release|Any CPU
    {AA000010-0000-0000-0000-000000000010}.Release|Any CPU.Build.0 = Release|Any CPU
    {AA000011-0000-0000-0000-000000000011}.Debug|Any CPU.ActiveCfg = Debug|Any CPU
    {AA000011-0000-0000-0000-000000000011}.Debug|Any CPU.Build.0 = Debug|Any CPU
    {AA000011-0000-0000-0000-000000000011}.Release|Any CPU.ActiveCfg = Release|Any CPU
    {AA000011-0000-0000-0000-000000000011}.Release|Any CPU.Build.0 = Release|Any CPU
    {AA000012-0000-0000-0000-000000000012}.Debug|Any CPU.ActiveCfg = Debug|Any CPU
    {AA000012-0000-0000-0000-000000000012}.Debug|Any CPU.Build.0 = Debug|Any CPU
    {AA000012-0000-0000-0000-000000000012}.Release|Any CPU.ActiveCfg = Release|Any CPU
    {AA000012-0000-0000-0000-000000000012}.Release|Any CPU.Build.0 = Release|Any CPU
  EndGlobalSection
  GlobalSection(NestedProjects) = preSolution
    {22222222-2222-2222-2222-222222222222} = {11111111-1111-1111-1111-111111111111}
    {33333333-3333-3333-3333-333333333333} = {11111111-1111-1111-1111-111111111111}
    {44444444-4444-4444-4444-444444444444} = {11111111-1111-1111-1111-111111111111}
    {55555555-5555-5555-5555-555555555555} = {11111111-1111-1111-1111-111111111111}
    {AA000001-0000-0000-0000-000000000001} = {22222222-2222-2222-2222-222222222222}
    {AA000002-0000-0000-0000-000000000002} = {22222222-2222-2222-2222-222222222222}
    {AA000003-0000-0000-0000-000000000003} = {22222222-2222-2222-2222-222222222222}
    {AA000004-0000-0000-0000-000000000004} = {33333333-3333-3333-3333-333333333333}
    {AA000005-0000-0000-0000-000000000005} = {33333333-3333-3333-3333-333333333333}
    {AA000006-0000-0000-0000-000000000006} = {33333333-3333-3333-3333-333333333333}
    {AA000007-0000-0000-0000-000000000007} = {33333333-3333-3333-3333-333333333333}
    {AA000008-0000-0000-0000-000000000008} = {33333333-3333-3333-3333-333333333333}
    {AA000009-0000-0000-0000-000000000009} = {44444444-4444-4444-4444-444444444444}
    {AA000010-0000-0000-0000-000000000010} = {55555555-5555-5555-5555-555555555555}
    {AA000011-0000-0000-0000-000000000011} = {66666666-6666-6666-6666-666666666666}
    {AA000012-0000-0000-0000-000000000012} = {66666666-6666-6666-6666-666666666666}
  EndGlobalSection
  GlobalSection(SolutionProperties) = preSolution
    HideSolutionNode = FALSE
  EndGlobalSection
EndGlobal
